
Microsoft Visual Studio Solution File, Format Version 12.00
# Visual Studio Version 16
VisualStudioVersion = 16.0.31313.79
MinimumVisualStudioVersion = 10.0.40219.1
Project("{FAE04EC0-301F-11D3-BF4B-00C04F79EFBC}") = "SCC", "SCC\SCC.csproj", "{6591D204-C974-4A94-BCC7-396571A57732}"
EndProject
Project("{FAE04EC0-301F-11D3-BF4B-00C04F79EFBC}") = "SCC_BL", "SCC_BL\SCC_BL.csproj", "{0DE7974E-E4A2-4E29-94F1-3413BAC683D3}"
EndProject
Project("{FAE04EC0-301F-11D3-BF4B-00C04F79EFBC}") = "SCC_DATA", "SCC_DATA\SCC_DATA.csproj", "{D8A815D3-9E7C-4E56-9E45-1BB4B7FD3E22}"
EndProject
Global
	GlobalSection(SolutionConfigurationPlatforms) = preSolution
		Debug|Any CPU = Debug|Any CPU
		Release|Any CPU = Release|Any CPU
	EndGlobalSection
	GlobalSection(ProjectConfigurationPlatforms) = postSolution
		{6591D204-C974-4A94-BCC7-396571A57732}.Debug|Any CPU.ActiveCfg = Debug|Any CPU
		{6591D204-C974-4A94-BCC7-396571A57732}.Debug|Any CPU.Build.0 = Debug|Any CPU
		{6591D204-C974-4A94-BCC7-396571A57732}.Release|Any CPU.ActiveCfg = Release|Any CPU
		{6591D204-C974-4A94-BCC7-396571A57732}.Release|Any CPU.Build.0 = Release|Any CPU
		{0DE7974E-E4A2-4E29-94F1-3413BAC683D3}.Debug|Any CPU.ActiveCfg = Debug|Any CPU
		{0DE7974E-E4A2-4E29-94F1-3413BAC683D3}.Debug|Any CPU.Build.0 = Debug|Any CPU
		{0DE7974E-E4A2-4E29-94F1-3413BAC683D3}.Release|Any CPU.ActiveCfg = Release|Any CPU
		{0DE7974E-E4A2-4E29-94F1-3413BAC683D3}.Release|Any CPU.Build.0 = Release|Any CPU
		{D8A815D3-9E7C-4E56-9E45-1BB4B7FD3E22}.Debug|Any CPU.ActiveCfg = Debug|Any CPU
		{D8A815D3-9E7C-4E56-9E45-1BB4B7FD3E22}.Debug|Any CPU.Build.0 = Debug|Any CPU
		{D8A815D3-9E7C-4E56-9E45-1BB4B7FD3E22}.Release|Any CPU.ActiveCfg = Release|Any CPU
		{D8A815D3-9E7C-4E56-9E45-1BB4B7FD3E22}.Release|Any CPU.Build.0 = Release|Any CPU
	EndGlobalSection
	GlobalSection(SolutionProperties) = preSolution
		HideSolutionNode = FALSE
	EndGlobalSection
	GlobalSection(ExtensibilityGlobals) = postSolution
		SolutionGuid = {4D115EC8-BBF7-461F-AD48-1C6609E951CC}
	EndGlobalSection
EndGlobal
